
Microsoft Visual Studio Solution File, Format Version 12.00
# Visual Studio Version 17
VisualStudioVersion = 17.2.32630.192
MinimumVisualStudioVersion = 10.0.40219.1
Project("{FAE04EC0-301F-11D3-BF4B-00C04F79EFBC}") = "CinemaManagement", "CinemaManagement\CinemaManagement.csproj", "{9188B54E-AB35-4DAC-8D4F-125E8B0DFFC5}"
EndProject
Global
	GlobalSection(SolutionConfigurationPlatforms) = preSolution
		Debug|Any CPU = Debug|Any CPU
		Release|Any CPU = Release|Any CPU
	EndGlobalSection
	GlobalSection(ProjectConfigurationPlatforms) = postSolution
		{9188B54E-AB35-4DAC-8D4F-125E8B0DFFC5}.Debug|Any CPU.ActiveCfg = Debug|Any CPU
		{9188B54E-AB35-4DAC-8D4F-125E8B0DFFC5}.Debug|Any CPU.Build.0 = Debug|Any CPU
		{9188B54E-AB35-4DAC-8D4F-125E8B0DFFC5}.Release|Any CPU.ActiveCfg = Release|Any CPU
		{9188B54E-AB35-4DAC-8D4F-125E8B0DFFC5}.Release|Any CPU.Build.0 = Release|Any CPU
	EndGlobalSection
	GlobalSection(SolutionProperties) = preSolution
		HideSolutionNode = FALSE
	EndGlobalSection
	GlobalSection(ExtensibilityGlobals) = postSolution
		SolutionGuid = {2801DAC2-2622-4A97-870F-54579B4CF4C2}
	EndGlobalSection
EndGlobal
